{
  "name": "laravel-blade-spacer",
  "version": "2.3.1",
  "lockfileVersion": 3,
  "requires": true,
  "packages": {
    "": {
      "name": "laravel-blade-spacer",
      "version": "2.3.1",
      "devDependencies": {
        "@types/mocha": "^2.2.48",
        "@types/node": "^7.10.11",
        "@types/vscode": "^1.56.0",
        "typescript": "^4.2.4"
      },
      "engines": {
        "vscode": "^1.56.0"
      }
    },
    "node_modules/@types/mocha": {
      "version": "2.2.48",
      "resolved": "https://registry.npmjs.org/@types/mocha/-/mocha-2.2.48.tgz",
      "integrity": "sha512-nlK/iyETgafGli8Zh9zJVCTicvU3iajSkRwOh3Hhiva598CMqNJ4NcVCGMTGKpGpTYj/9R8RLzS9NAykSSCqGw==",
      "dev": true
    },
    "node_modules/@types/node": {
      "version": "7.10.14",
      "resolved": "https://registry.npmjs.org/@types/node/-/node-7.10.14.tgz",
      "integrity": "sha512-29GS75BE8asnTno3yB6ubOJOO0FboExEqNJy4bpz0GSmW/8wPTNL4h9h63c6s1uTrOopCmJYe/4yJLh5r92ZUA==",
      "dev": true
    },
    "node_modules/@types/vscode": {
      "version": "1.56.0",
      "resolved": "https://registry.npmjs.org/@types/vscode/-/vscode-1.56.0.tgz",
      "integrity": "sha512-Q5VmQxOx+L1Y6lIJiGcJzwcyV3pQo/eiW8P+7sNLhFI16tJCwtua2DLjHRcpjbCLNVYpQM73kzfFo1Z0HyP9eQ==",
      "dev": true
    },
    "node_modules/typescript": {
      "version": "4.2.4",
      "resolved": "https://registry.npmjs.org/typescript/-/typescript-4.2.4.tgz",
      "integrity": "sha512-V+evlYHZnQkaz8TRBuxTA92yZBPotr5H+WhQ7bD3hZUndx5tGOa1fuCgeSjxAzM1RiN5IzvadIXTVefuuwZCRg==",
      "dev": true,
      "bin": {
        "tsc": "bin/tsc",
        "tsserver": "bin/tsserver"
      },
      "engines": {
        "node": ">=4.2.0"
      }
    }
  }
}
